
Microsoft Visual Studio Solution File, Format Version 12.00
# Visual Studio 16
Project("{FAE04EC0-301F-11D3-BF4B-00C04F79EFBC}") = "Assembly-CSharp", "Assembly-CSharp.csproj", "{8495B957-CFC4-4A01-EA14-6FE370D11851}"
EndProject
Project("{FAE04EC0-301F-11D3-BF4B-00C04F79EFBC}") = "NavMeshComponents", "NavMeshComponents.csproj", "{51E69C1C-62C4-5C2E-92F8-0D67C01CACD9}"
EndProject
Project("{FAE04EC0-301F-11D3-BF4B-00C04F79EFBC}") = "Assembly-CSharp-Editor", "Assembly-CSharp-Editor.csproj", "{597AFD60-676E-ADEF-9497-CE162798FE37}"
EndProject
Project("{FAE04EC0-301F-11D3-BF4B-00C04F79EFBC}") = "NavMeshComponentsEditor", "NavMeshComponentsEditor.csproj", "{02612A3A-03BC-8283-A770-07E1FFF7FEB3}"
EndProject
Global
	GlobalSection(SolutionConfigurationPlatforms) = preSolution
		Debug|Any CPU = Debug|Any CPU
		Release|Any CPU = Release|Any CPU
	EndGlobalSection
	GlobalSection(ProjectConfigurationPlatforms) = postSolution
		{8495B957-CFC4-4A01-EA14-6FE370D11851}.Debug|Any CPU.ActiveCfg = Debug|Any CPU
		{8495B957-CFC4-4A01-EA14-6FE370D11851}.Debug|Any CPU.Build.0 = Debug|Any CPU
		{8495B957-CFC4-4A01-EA14-6FE370D11851}.Release|Any CPU.ActiveCfg = Release|Any CPU
		{8495B957-CFC4-4A01-EA14-6FE370D11851}.Release|Any CPU.Build.0 = Release|Any CPU
		{51E69C1C-62C4-5C2E-92F8-0D67C01CACD9}.Debug|Any CPU.ActiveCfg = Debug|Any CPU
		{51E69C1C-62C4-5C2E-92F8-0D67C01CACD9}.Debug|Any CPU.Build.0 = Debug|Any CPU
		{51E69C1C-62C4-5C2E-92F8-0D67C01CACD9}.Release|Any CPU.ActiveCfg = Release|Any CPU
		{51E69C1C-62C4-5C2E-92F8-0D67C01CACD9}.Release|Any CPU.Build.0 = Release|Any CPU
		{597AFD60-676E-ADEF-9497-CE162798FE37}.Debug|Any CPU.ActiveCfg = Debug|Any CPU
		{597AFD60-676E-ADEF-9497-CE162798FE37}.Debug|Any CPU.Build.0 = Debug|Any CPU
		{597AFD60-676E-ADEF-9497-CE162798FE37}.Release|Any CPU.ActiveCfg = Release|Any CPU
		{597AFD60-676E-ADEF-9497-CE162798FE37}.Release|Any CPU.Build.0 = Release|Any CPU
		{02612A3A-03BC-8283-A770-07E1FFF7FEB3}.Debug|Any CPU.ActiveCfg = Debug|Any CPU
		{02612A3A-03BC-8283-A770-07E1FFF7FEB3}.Debug|Any CPU.Build.0 = Debug|Any CPU
		{02612A3A-03BC-8283-A770-07E1FFF7FEB3}.Release|Any CPU.ActiveCfg = Release|Any CPU
		{02612A3A-03BC-8283-A770-07E1FFF7FEB3}.Release|Any CPU.Build.0 = Release|Any CPU
	EndGlobalSection
	GlobalSection(SolutionProperties) = preSolution
		HideSolutionNode = FALSE
	EndGlobalSection
EndGlobal
